
Microsoft Visual Studio Solution File, Format Version 12.00
# Visual Studio Version 16
VisualStudioVersion = 16.0.30523.141
MinimumVisualStudioVersion = 10.0.40219.1
Project("{9A19103F-16F7-4668-BE54-9A1E7A4F7556}") = "BlazorTestApp", "BlazorTestApp\BlazorTestApp.csproj", "{E3098092-CCAC-4262-A974-BE11036D2F85}"
EndProject
Project("{FAE04EC0-301F-11D3-BF4B-00C04F79EFBC}") = "BachelorApp", "BachelorApp\BachelorApp.csproj", "{2119CB1E-60F7-4AA5-AE84-3D2085432E22}"
EndProject
Global
	GlobalSection(SolutionConfigurationPlatforms) = preSolution
		Debug|Any CPU = Debug|Any CPU
		Release|Any CPU = Release|Any CPU
	EndGlobalSection
	GlobalSection(ProjectConfigurationPlatforms) = postSolution
		{E3098092-CCAC-4262-A974-BE11036D2F85}.Debug|Any CPU.ActiveCfg = Debug|Any CPU
		{E3098092-CCAC-4262-A974-BE11036D2F85}.Debug|Any CPU.Build.0 = Debug|Any CPU
		{E3098092-CCAC-4262-A974-BE11036D2F85}.Release|Any CPU.ActiveCfg = Release|Any CPU
		{E3098092-CCAC-4262-A974-BE11036D2F85}.Release|Any CPU.Build.0 = Release|Any CPU
		{2119CB1E-60F7-4AA5-AE84-3D2085432E22}.Debug|Any CPU.ActiveCfg = Debug|Any CPU
		{2119CB1E-60F7-4AA5-AE84-3D2085432E22}.Debug|Any CPU.Build.0 = Debug|Any CPU
		{2119CB1E-60F7-4AA5-AE84-3D2085432E22}.Release|Any CPU.ActiveCfg = Release|Any CPU
		{2119CB1E-60F7-4AA5-AE84-3D2085432E22}.Release|Any CPU.Build.0 = Release|Any CPU
	EndGlobalSection
	GlobalSection(SolutionProperties) = preSolution
		HideSolutionNode = FALSE
	EndGlobalSection
	GlobalSection(ExtensibilityGlobals) = postSolution
		SolutionGuid = {F92ADF81-9042-4909-AA32-FD43D461836D}
	EndGlobalSection
EndGlobal
